
Microsoft Visual Studio Solution File, Format Version 12.00
# Visual Studio Version 16
VisualStudioVersion = 16.0.31424.327
MinimumVisualStudioVersion = 10.0.40219.1
Project("{FAE04EC0-301F-11D3-BF4B-00C04F79EFBC}") = "CountDownWinform", "CountDownWinform\CountDownWinform.csproj", "{2DE83DEC-7454-49DC-983B-619C1F9433C7}"
EndProject
Global
	GlobalSection(SolutionConfigurationPlatforms) = preSolution
		Debug|Any CPU = Debug|Any CPU
		Release|Any CPU = Release|Any CPU
	EndGlobalSection
	GlobalSection(ProjectConfigurationPlatforms) = postSolution
		{2DE83DEC-7454-49DC-983B-619C1F9433C7}.Debug|Any CPU.ActiveCfg = Debug|Any CPU
		{2DE83DEC-7454-49DC-983B-619C1F9433C7}.Debug|Any CPU.Build.0 = Debug|Any CPU
		{2DE83DEC-7454-49DC-983B-619C1F9433C7}.Release|Any CPU.ActiveCfg = Release|Any CPU
		{2DE83DEC-7454-49DC-983B-619C1F9433C7}.Release|Any CPU.Build.0 = Release|Any CPU
	EndGlobalSection
	GlobalSection(SolutionProperties) = preSolution
		HideSolutionNode = FALSE
	EndGlobalSection
	GlobalSection(ExtensibilityGlobals) = postSolution
		SolutionGuid = {0A80D874-DE02-420C-B30D-A2BD8EA6DC21}
	EndGlobalSection
EndGlobal
